
Microsoft Visual Studio Solution File, Format Version 12.00
# Visual Studio Version 16
VisualStudioVersion = 16.0.30517.126
MinimumVisualStudioVersion = 10.0.40219.1
Project("{FAE04EC0-301F-11D3-BF4B-00C04F79EFBC}") = "ChessTukhvatullina", "ChessTukhvatullina\ChessTukhvatullina.csproj", "{C1365C95-3C7F-47F1-ACDB-8CB6A596F529}"
EndProject
Project("{FAE04EC0-301F-11D3-BF4B-00C04F79EFBC}") = "Chess_Desk", "Chess_Desk\Chess_Desk.csproj", "{D4E545ED-D44F-402C-B035-641BC84C9AA0}"
EndProject
Global
	GlobalSection(SolutionConfigurationPlatforms) = preSolution
		Debug|Any CPU = Debug|Any CPU
		Release|Any CPU = Release|Any CPU
	EndGlobalSection
	GlobalSection(ProjectConfigurationPlatforms) = postSolution
		{C1365C95-3C7F-47F1-ACDB-8CB6A596F529}.Debug|Any CPU.ActiveCfg = Debug|Any CPU
		{C1365C95-3C7F-47F1-ACDB-8CB6A596F529}.Debug|Any CPU.Build.0 = Debug|Any CPU
		{C1365C95-3C7F-47F1-ACDB-8CB6A596F529}.Release|Any CPU.ActiveCfg = Release|Any CPU
		{C1365C95-3C7F-47F1-ACDB-8CB6A596F529}.Release|Any CPU.Build.0 = Release|Any CPU
		{D4E545ED-D44F-402C-B035-641BC84C9AA0}.Debug|Any CPU.ActiveCfg = Debug|Any CPU
		{D4E545ED-D44F-402C-B035-641BC84C9AA0}.Debug|Any CPU.Build.0 = Debug|Any CPU
		{D4E545ED-D44F-402C-B035-641BC84C9AA0}.Release|Any CPU.ActiveCfg = Release|Any CPU
		{D4E545ED-D44F-402C-B035-641BC84C9AA0}.Release|Any CPU.Build.0 = Release|Any CPU
	EndGlobalSection
	GlobalSection(SolutionProperties) = preSolution
		HideSolutionNode = FALSE
	EndGlobalSection
	GlobalSection(ExtensibilityGlobals) = postSolution
		SolutionGuid = {E26B6954-2EE9-403F-A159-21B93B1F64DD}
	EndGlobalSection
EndGlobal
